
Microsoft Visual Studio Solution File, Format Version 12.00
# Visual Studio Version 16
VisualStudioVersion = 16.0.32228.343
MinimumVisualStudioVersion = 10.0.40219.1
Project("{FAE04EC0-301F-11D3-BF4B-00C04F79EFBC}") = "MapadeSala", "MapadeSala\MapadeSala.csproj", "{65FD0210-9790-4E8E-B82A-168734524582}"
EndProject
Global
	GlobalSection(SolutionConfigurationPlatforms) = preSolution
		Debug|Any CPU = Debug|Any CPU
		Release|Any CPU = Release|Any CPU
	EndGlobalSection
	GlobalSection(ProjectConfigurationPlatforms) = postSolution
		{65FD0210-9790-4E8E-B82A-168734524582}.Debug|Any CPU.ActiveCfg = Debug|Any CPU
		{65FD0210-9790-4E8E-B82A-168734524582}.Debug|Any CPU.Build.0 = Debug|Any CPU
		{65FD0210-9790-4E8E-B82A-168734524582}.Release|Any CPU.ActiveCfg = Release|Any CPU
		{65FD0210-9790-4E8E-B82A-168734524582}.Release|Any CPU.Build.0 = Release|Any CPU
	EndGlobalSection
	GlobalSection(SolutionProperties) = preSolution
		HideSolutionNode = FALSE
	EndGlobalSection
	GlobalSection(ExtensibilityGlobals) = postSolution
		SolutionGuid = {BD555A06-6B10-4FF0-9745-40873DD1E645}
	EndGlobalSection
EndGlobal
